
Microsoft Visual Studio Solution File, Format Version 12.00
# Visual Studio 15
VisualStudioVersion = 15.0.26730.10
MinimumVisualStudioVersion = 10.0.40219.1
Project("{8BC9CEB8-8B4A-11D0-8D11-00A0C91BC942}") = "001_Pointer", "001_Pointer\001_Pointer.vcxproj", "{40CFFDF0-643E-44A6-89BD-86F1ED910DAD}"
EndProject
Project("{8BC9CEB8-8B4A-11D0-8D11-00A0C91BC942}") = "002_Pointer", "002_Pointer\002_Pointer.vcxproj", "{4211303A-A05D-47FC-B709-B088A52EFB5E}"
EndProject
Project("{8BC9CEB8-8B4A-11D0-8D11-00A0C91BC942}") = "003__Pointer", "003__Pointer\003__Pointer.vcxproj", "{F0A2189F-F174-4452-8C03-7E1A38B58455}"
EndProject
Project("{8BC9CEB8-8B4A-11D0-8D11-00A0C91BC942}") = "004_Pointer", "004_Pointer\004_Pointer.vcxproj", "{77456403-AEBC-4C76-9418-491F77F9D367}"
EndProject
Project("{8BC9CEB8-8B4A-11D0-8D11-00A0C91BC942}") = "005_Pointer", "005_Pointer\005_Pointer.vcxproj", "{24EAEC7B-8FBD-4E0B-8B99-4A9AF1217A78}"
EndProject
Project("{8BC9CEB8-8B4A-11D0-8D11-00A0C91BC942}") = "006_Pointer", "006_Pointer\006_Pointer.vcxproj", "{12127933-1272-4124-81F4-97F327E1198B}"
EndProject
Project("{8BC9CEB8-8B4A-11D0-8D11-00A0C91BC942}") = "007_new", "007_new\007_new.vcxproj", "{F14F0C84-E3C5-410E-A82D-5DD9E7E98067}"
EndProject
Project("{8BC9CEB8-8B4A-11D0-8D11-00A0C91BC942}") = "008_new", "008_new\008_new.vcxproj", "{CE881C55-8456-4A77-933B-8FBF7D9BFF75}"
EndProject
Project("{8BC9CEB8-8B4A-11D0-8D11-00A0C91BC942}") = "009_increment", "009_increment\009_increment.vcxproj", "{05496283-B683-46F9-A258-F155DCACE21C}"
EndProject
Project("{8BC9CEB8-8B4A-11D0-8D11-00A0C91BC942}") = "010_pointer_constants", "010_pointer_constants\010_pointer_constants.vcxproj", "{601CA146-1EB2-4525-961A-9820A17384E6}"
EndProject
Project("{8BC9CEB8-8B4A-11D0-8D11-00A0C91BC942}") = "011_pointer_constant", "011_pointer_constant\011_pointer_constant.vcxproj", "{3B8BCB2E-3D38-41DF-B21E-8D862DC3D218}"
EndProject
Project("{8BC9CEB8-8B4A-11D0-8D11-00A0C91BC942}") = "012_pointer_constans", "012_pointer_constans\012_pointer_constans.vcxproj", "{359A9572-CBB7-4C37-902A-5B96596D7AC0}"
EndProject
Project("{8BC9CEB8-8B4A-11D0-8D11-00A0C91BC942}") = "013_function", "013_function\013_function.vcxproj", "{8E969186-5150-4A78-A2D5-CF02EB8D687C}"
EndProject
Project("{8BC9CEB8-8B4A-11D0-8D11-00A0C91BC942}") = "014_function", "014_function\014_function.vcxproj", "{A5B28D59-A65D-4C34-B4F4-811A1365348D}"
EndProject
Project("{8BC9CEB8-8B4A-11D0-8D11-00A0C91BC942}") = "015_function", "015_function\015_function.vcxproj", "{EA6750E2-58C9-46ED-8E4D-F6BBC1DAA2F9}"
EndProject
Global
	GlobalSection(SolutionConfigurationPlatforms) = preSolution
		Debug|Any CPU = Debug|Any CPU
		Debug|x64 = Debug|x64
		Debug|x86 = Debug|x86
		Release|Any CPU = Release|Any CPU
		Release|x64 = Release|x64
		Release|x86 = Release|x86
	EndGlobalSection
	GlobalSection(ProjectConfigurationPlatforms) = postSolution
		{40CFFDF0-643E-44A6-89BD-86F1ED910DAD}.Debug|Any CPU.ActiveCfg = Debug|Win32
		{40CFFDF0-643E-44A6-89BD-86F1ED910DAD}.Debug|x64.ActiveCfg = Debug|x64
		{40CFFDF0-643E-44A6-89BD-86F1ED910DAD}.Debug|x64.Build.0 = Debug|x64
		{40CFFDF0-643E-44A6-89BD-86F1ED910DAD}.Debug|x86.ActiveCfg = Debug|Win32
		{40CFFDF0-643E-44A6-89BD-86F1ED910DAD}.Debug|x86.Build.0 = Debug|Win32
		{40CFFDF0-643E-44A6-89BD-86F1ED910DAD}.Release|Any CPU.ActiveCfg = Release|Win32
		{40CFFDF0-643E-44A6-89BD-86F1ED910DAD}.Release|x64.ActiveCfg = Release|x64
		{40CFFDF0-643E-44A6-89BD-86F1ED910DAD}.Release|x64.Build.0 = Release|x64
		{40CFFDF0-643E-44A6-89BD-86F1ED910DAD}.Release|x86.ActiveCfg = Release|Win32
		{40CFFDF0-643E-44A6-89BD-86F1ED910DAD}.Release|x86.Build.0 = Release|Win32
		{4211303A-A05D-47FC-B709-B088A52EFB5E}.Debug|Any CPU.ActiveCfg = Debug|Win32
		{4211303A-A05D-47FC-B709-B088A52EFB5E}.Debug|x64.ActiveCfg = Debug|x64
		{4211303A-A05D-47FC-B709-B088A52EFB5E}.Debug|x64.Build.0 = Debug|x64
		{4211303A-A05D-47FC-B709-B088A52EFB5E}.Debug|x86.ActiveCfg = Debug|Win32
		{4211303A-A05D-47FC-B709-B088A52EFB5E}.Debug|x86.Build.0 = Debug|Win32
		{4211303A-A05D-47FC-B709-B088A52EFB5E}.Release|Any CPU.ActiveCfg = Release|Win32
		{4211303A-A05D-47FC-B709-B088A52EFB5E}.Release|x64.ActiveCfg = Release|x64
		{4211303A-A05D-47FC-B709-B088A52EFB5E}.Release|x64.Build.0 = Release|x64
		{4211303A-A05D-47FC-B709-B088A52EFB5E}.Release|x86.ActiveCfg = Release|Win32
		{4211303A-A05D-47FC-B709-B088A52EFB5E}.Release|x86.Build.0 = Release|Win32
		{F0A2189F-F174-4452-8C03-7E1A38B58455}.Debug|Any CPU.ActiveCfg = Debug|Win32
		{F0A2189F-F174-4452-8C03-7E1A38B58455}.Debug|x64.ActiveCfg = Debug|x64
		{F0A2189F-F174-4452-8C03-7E1A38B58455}.Debug|x64.Build.0 = Debug|x64
		{F0A2189F-F174-4452-8C03-7E1A38B58455}.Debug|x86.ActiveCfg = Debug|Win32
		{F0A2189F-F174-4452-8C03-7E1A38B58455}.Debug|x86.Build.0 = Debug|Win32
		{F0A2189F-F174-4452-8C03-7E1A38B58455}.Release|Any CPU.ActiveCfg = Release|Win32
		{F0A2189F-F174-4452-8C03-7E1A38B58455}.Release|x64.ActiveCfg = Release|x64
		{F0A2189F-F174-4452-8C03-7E1A38B58455}.Release|x64.Build.0 = Release|x64
		{F0A2189F-F174-4452-8C03-7E1A38B58455}.Release|x86.ActiveCfg = Release|Win32
		{F0A2189F-F174-4452-8C03-7E1A38B58455}.Release|x86.Build.0 = Release|Win32
		{77456403-AEBC-4C76-9418-491F77F9D367}.Debug|Any CPU.ActiveCfg = Debug|Win32
		{77456403-AEBC-4C76-9418-491F77F9D367}.Debug|x64.ActiveCfg = Debug|x64
		{77456403-AEBC-4C76-9418-491F77F9D367}.Debug|x64.Build.0 = Debug|x64
		{77456403-AEBC-4C76-9418-491F77F9D367}.Debug|x86.ActiveCfg = Debug|Win32
		{77456403-AEBC-4C76-9418-491F77F9D367}.Debug|x86.Build.0 = Debug|Win32
		{77456403-AEBC-4C76-9418-491F77F9D367}.Release|Any CPU.ActiveCfg = Release|Win32
		{77456403-AEBC-4C76-9418-491F77F9D367}.Release|x64.ActiveCfg = Release|x64
		{77456403-AEBC-4C76-9418-491F77F9D367}.Release|x64.Build.0 = Release|x64
		{77456403-AEBC-4C76-9418-491F77F9D367}.Release|x86.ActiveCfg = Release|Win32
		{77456403-AEBC-4C76-9418-491F77F9D367}.Release|x86.Build.0 = Release|Win32
		{24EAEC7B-8FBD-4E0B-8B99-4A9AF1217A78}.Debug|Any CPU.ActiveCfg = Debug|Win32
		{24EAEC7B-8FBD-4E0B-8B99-4A9AF1217A78}.Debug|x64.ActiveCfg = Debug|x64
		{24EAEC7B-8FBD-4E0B-8B99-4A9AF1217A78}.Debug|x64.Build.0 = Debug|x64
		{24EAEC7B-8FBD-4E0B-8B99-4A9AF1217A78}.Debug|x86.ActiveCfg = Debug|Win32
		{24EAEC7B-8FBD-4E0B-8B99-4A9AF1217A78}.Debug|x86.Build.0 = Debug|Win32
		{24EAEC7B-8FBD-4E0B-8B99-4A9AF1217A78}.Release|Any CPU.ActiveCfg = Release|Win32
		{24EAEC7B-8FBD-4E0B-8B99-4A9AF1217A78}.Release|x64.ActiveCfg = Release|x64
		{24EAEC7B-8FBD-4E0B-8B99-4A9AF1217A78}.Release|x64.Build.0 = Release|x64
		{24EAEC7B-8FBD-4E0B-8B99-4A9AF1217A78}.Release|x86.ActiveCfg = Release|Win32
		{24EAEC7B-8FBD-4E0B-8B99-4A9AF1217A78}.Release|x86.Build.0 = Release|Win32
		{12127933-1272-4124-81F4-97F327E1198B}.Debug|Any CPU.ActiveCfg = Debug|Win32
		{12127933-1272-4124-81F4-97F327E1198B}.Debug|x64.ActiveCfg = Debug|x64
		{12127933-1272-4124-81F4-97F327E1198B}.Debug|x64.Build.0 = Debug|x64
		{12127933-1272-4124-81F4-97F327E1198B}.Debug|x86.ActiveCfg = Debug|Win32
		{12127933-1272-4124-81F4-97F327E1198B}.Debug|x86.Build.0 = Debug|Win32
		{12127933-1272-4124-81F4-97F327E1198B}.Release|Any CPU.ActiveCfg = Release|Win32
		{12127933-1272-4124-81F4-97F327E1198B}.Release|x64.ActiveCfg = Release|x64
		{12127933-1272-4124-81F4-97F327E1198B}.Release|x64.Build.0 = Release|x64
		{12127933-1272-4124-81F4-97F327E1198B}.Release|x86.ActiveCfg = Release|Win32
		{12127933-1272-4124-81F4-97F327E1198B}.Release|x86.Build.0 = Release|Win32
		{F14F0C84-E3C5-410E-A82D-5DD9E7E98067}.Debug|Any CPU.ActiveCfg = Debug|Win32
		{F14F0C84-E3C5-410E-A82D-5DD9E7E98067}.Debug|x64.ActiveCfg = Debug|x64
		{F14F0C84-E3C5-410E-A82D-5DD9E7E98067}.Debug|x64.Build.0 = Debug|x64
		{F14F0C84-E3C5-410E-A82D-5DD9E7E98067}.Debug|x86.ActiveCfg = Debug|Win32
		{F14F0C84-E3C5-410E-A82D-5DD9E7E98067}.Debug|x86.Build.0 = Debug|Win32
		{F14F0C84-E3C5-410E-A82D-5DD9E7E98067}.Release|Any CPU.ActiveCfg = Release|Win32
		{F14F0C84-E3C5-410E-A82D-5DD9E7E98067}.Release|x64.ActiveCfg = Release|x64
		{F14F0C84-E3C5-410E-A82D-5DD9E7E98067}.Release|x64.Build.0 = Release|x64
		{F14F0C84-E3C5-410E-A82D-5DD9E7E98067}.Release|x86.ActiveCfg = Release|Win32
		{F14F0C84-E3C5-410E-A82D-5DD9E7E98067}.Release|x86.Build.0 = Release|Win32
		{CE881C55-8456-4A77-933B-8FBF7D9BFF75}.Debug|Any CPU.ActiveCfg = Debug|Win32
		{CE881C55-8456-4A77-933B-8FBF7D9BFF75}.Debug|x64.ActiveCfg = Debug|x64
		{CE881C55-8456-4A77-933B-8FBF7D9BFF75}.Debug|x64.Build.0 = Debug|x64
		{CE881C55-8456-4A77-933B-8FBF7D9BFF75}.Debug|x86.ActiveCfg = Debug|Win32
		{CE881C55-8456-4A77-933B-8FBF7D9BFF75}.Debug|x86.Build.0 = Debug|Win32
		{CE881C55-8456-4A77-933B-8FBF7D9BFF75}.Release|Any CPU.ActiveCfg = Release|Win32
		{CE881C55-8456-4A77-933B-8FBF7D9BFF75}.Release|x64.ActiveCfg = Release|x64
		{CE881C55-8456-4A77-933B-8FBF7D9BFF75}.Release|x64.Build.0 = Release|x64
		{CE881C55-8456-4A77-933B-8FBF7D9BFF75}.Release|x86.ActiveCfg = Release|Win32
		{CE881C55-8456-4A77-933B-8FBF7D9BFF75}.Release|x86.Build.0 = Release|Win32
		{05496283-B683-46F9-A258-F155DCACE21C}.Debug|Any CPU.ActiveCfg = Debug|Win32
		{05496283-B683-46F9-A258-F155DCACE21C}.Debug|x64.ActiveCfg = Debug|x64
		{05496283-B683-46F9-A258-F155DCACE21C}.Debug|x64.Build.0 = Debug|x64
		{05496283-B683-46F9-A258-F155DCACE21C}.Debug|x86.ActiveCfg = Debug|Win32
		{05496283-B683-46F9-A258-F155DCACE21C}.Debug|x86.Build.0 = Debug|Win32
		{05496283-B683-46F9-A258-F155DCACE21C}.Release|Any CPU.ActiveCfg = Release|Win32
		{05496283-B683-46F9-A258-F155DCACE21C}.Release|x64.ActiveCfg = Release|x64
		{05496283-B683-46F9-A258-F155DCACE21C}.Release|x64.Build.0 = Release|x64
		{05496283-B683-46F9-A258-F155DCACE21C}.Release|x86.ActiveCfg = Release|Win32
		{05496283-B683-46F9-A258-F155DCACE21C}.Release|x86.Build.0 = Release|Win32
		{601CA146-1EB2-4525-961A-9820A17384E6}.Debug|Any CPU.ActiveCfg = Debug|Win32
		{601CA146-1EB2-4525-961A-9820A17384E6}.Debug|x64.ActiveCfg = Debug|x64
		{601CA146-1EB2-4525-961A-9820A17384E6}.Debug|x64.Build.0 = Debug|x64
		{601CA146-1EB2-4525-961A-9820A17384E6}.Debug|x86.ActiveCfg = Debug|Win32
		{601CA146-1EB2-4525-961A-9820A17384E6}.Debug|x86.Build.0 = Debug|Win32
		{601CA146-1EB2-4525-961A-9820A17384E6}.Release|Any CPU.ActiveCfg = Release|Win32
		{601CA146-1EB2-4525-961A-9820A17384E6}.Release|x64.ActiveCfg = Release|x64
		{601CA146-1EB2-4525-961A-9820A17384E6}.Release|x64.Build.0 = Release|x64
		{601CA146-1EB2-4525-961A-9820A17384E6}.Release|x86.ActiveCfg = Release|Win32
		{601CA146-1EB2-4525-961A-9820A17384E6}.Release|x86.Build.0 = Release|Win32
		{3B8BCB2E-3D38-41DF-B21E-8D862DC3D218}.Debug|Any CPU.ActiveCfg = Debug|Win32
		{3B8BCB2E-3D38-41DF-B21E-8D862DC3D218}.Debug|x64.ActiveCfg = Debug|x64
		{3B8BCB2E-3D38-41DF-B21E-8D862DC3D218}.Debug|x64.Build.0 = Debug|x64
		{3B8BCB2E-3D38-41DF-B21E-8D862DC3D218}.Debug|x86.ActiveCfg = Debug|Win32
		{3B8BCB2E-3D38-41DF-B21E-8D862DC3D218}.Debug|x86.Build.0 = Debug|Win32
		{3B8BCB2E-3D38-41DF-B21E-8D862DC3D218}.Release|Any CPU.ActiveCfg = Release|Win32
		{3B8BCB2E-3D38-41DF-B21E-8D862DC3D218}.Release|x64.ActiveCfg = Release|x64
		{3B8BCB2E-3D38-41DF-B21E-8D862DC3D218}.Release|x64.Build.0 = Release|x64
		{3B8BCB2E-3D38-41DF-B21E-8D862DC3D218}.Release|x86.ActiveCfg = Release|Win32
		{3B8BCB2E-3D38-41DF-B21E-8D862DC3D218}.Release|x86.Build.0 = Release|Win32
		{359A9572-CBB7-4C37-902A-5B96596D7AC0}.Debug|Any CPU.ActiveCfg = Debug|Win32
		{359A9572-CBB7-4C37-902A-5B96596D7AC0}.Debug|x64.ActiveCfg = Debug|x64
		{359A9572-CBB7-4C37-902A-5B96596D7AC0}.Debug|x64.Build.0 = Debug|x64
		{359A9572-CBB7-4C37-902A-5B96596D7AC0}.Debug|x86.ActiveCfg = Debug|Win32
		{359A9572-CBB7-4C37-902A-5B96596D7AC0}.Debug|x86.Build.0 = Debug|Win32
		{359A9572-CBB7-4C37-902A-5B96596D7AC0}.Release|Any CPU.ActiveCfg = Release|Win32
		{359A9572-CBB7-4C37-902A-5B96596D7AC0}.Release|x64.ActiveCfg = Release|x64
		{359A9572-CBB7-4C37-902A-5B96596D7AC0}.Release|x64.Build.0 = Release|x64
		{359A9572-CBB7-4C37-902A-5B96596D7AC0}.Release|x86.ActiveCfg = Release|Win32
		{359A9572-CBB7-4C37-902A-5B96596D7AC0}.Release|x86.Build.0 = Release|Win32
		{8E969186-5150-4A78-A2D5-CF02EB8D687C}.Debug|Any CPU.ActiveCfg = Debug|Win32
		{8E969186-5150-4A78-A2D5-CF02EB8D687C}.Debug|x64.ActiveCfg = Debug|x64
		{8E969186-5150-4A78-A2D5-CF02EB8D687C}.Debug|x64.Build.0 = Debug|x64
		{8E969186-5150-4A78-A2D5-CF02EB8D687C}.Debug|x86.ActiveCfg = Debug|Win32
		{8E969186-5150-4A78-A2D5-CF02EB8D687C}.Debug|x86.Build.0 = Debug|Win32
		{8E969186-5150-4A78-A2D5-CF02EB8D687C}.Release|Any CPU.ActiveCfg = Release|Win32
		{8E969186-5150-4A78-A2D5-CF02EB8D687C}.Release|x64.ActiveCfg = Release|x64
		{8E969186-5150-4A78-A2D5-CF02EB8D687C}.Release|x64.Build.0 = Release|x64
		{8E969186-5150-4A78-A2D5-CF02EB8D687C}.Release|x86.ActiveCfg = Release|Win32
		{8E969186-5150-4A78-A2D5-CF02EB8D687C}.Release|x86.Build.0 = Release|Win32
		{A5B28D59-A65D-4C34-B4F4-811A1365348D}.Debug|Any CPU.ActiveCfg = Debug|Win32
		{A5B28D59-A65D-4C34-B4F4-811A1365348D}.Debug|x64.ActiveCfg = Debug|x64
		{A5B28D59-A65D-4C34-B4F4-811A1365348D}.Debug|x64.Build.0 = Debug|x64
		{A5B28D59-A65D-4C34-B4F4-811A1365348D}.Debug|x86.ActiveCfg = Debug|Win32
		{A5B28D59-A65D-4C34-B4F4-811A1365348D}.Debug|x86.Build.0 = Debug|Win32
		{A5B28D59-A65D-4C34-B4F4-811A1365348D}.Release|Any CPU.ActiveCfg = Release|Win32
		{A5B28D59-A65D-4C34-B4F4-811A1365348D}.Release|x64.ActiveCfg = Release|x64
		{A5B28D59-A65D-4C34-B4F4-811A1365348D}.Release|x64.Build.0 = Release|x64
		{A5B28D59-A65D-4C34-B4F4-811A1365348D}.Release|x86.ActiveCfg = Release|Win32
		{A5B28D59-A65D-4C34-B4F4-811A1365348D}.Release|x86.Build.0 = Release|Win32
		{EA6750E2-58C9-46ED-8E4D-F6BBC1DAA2F9}.Debug|Any CPU.ActiveCfg = Debug|Win32
		{EA6750E2-58C9-46ED-8E4D-F6BBC1DAA2F9}.Debug|x64.ActiveCfg = Debug|x64
		{EA6750E2-58C9-46ED-8E4D-F6BBC1DAA2F9}.Debug|x64.Build.0 = Debug|x64
		{EA6750E2-58C9-46ED-8E4D-F6BBC1DAA2F9}.Debug|x86.ActiveCfg = Debug|Win32
		{EA6750E2-58C9-46ED-8E4D-F6BBC1DAA2F9}.Debug|x86.Build.0 = Debug|Win32
		{EA6750E2-58C9-46ED-8E4D-F6BBC1DAA2F9}.Release|Any CPU.ActiveCfg = Release|Win32
		{EA6750E2-58C9-46ED-8E4D-F6BBC1DAA2F9}.Release|x64.ActiveCfg = Release|x64
		{EA6750E2-58C9-46ED-8E4D-F6BBC1DAA2F9}.Release|x64.Build.0 = Release|x64
		{EA6750E2-58C9-46ED-8E4D-F6BBC1DAA2F9}.Release|x86.ActiveCfg = Release|Win32
		{EA6750E2-58C9-46ED-8E4D-F6BBC1DAA2F9}.Release|x86.Build.0 = Release|Win32
	EndGlobalSection
	GlobalSection(SolutionProperties) = preSolution
		HideSolutionNode = FALSE
	EndGlobalSection
	GlobalSection(ExtensibilityGlobals) = postSolution
		SolutionGuid = {06BA20B6-662A-4E6F-8248-4D0384A4D183}
	EndGlobalSection
EndGlobal
