
Microsoft Visual Studio Solution File, Format Version 12.00
# Visual Studio 15
VisualStudioVersion = 15.0.26730.10
MinimumVisualStudioVersion = 10.0.40219.1
Project("{8BC9CEB8-8B4A-11D0-8D11-00A0C91BC942}") = "001_Function", "001_Function\001_Function.vcxproj", "{1915C355-2FC5-4E65-897A-7AE471536A07}"
EndProject
Project("{8BC9CEB8-8B4A-11D0-8D11-00A0C91BC942}") = "002_Function", "002_Function\002_Function.vcxproj", "{37ECB2A2-8BAD-422B-83EC-DE7B6418E1E8}"
EndProject
Project("{8BC9CEB8-8B4A-11D0-8D11-00A0C91BC942}") = "003_Function", "003_Function\003_Function.vcxproj", "{B71DFD70-EBDD-4406-90C2-03E59D8EB75D}"
EndProject
Project("{8BC9CEB8-8B4A-11D0-8D11-00A0C91BC942}") = "004_Recursion", "004_Recursion\004_Recursion.vcxproj", "{41397DE9-F2F5-4E66-84D2-235CF171C2EE}"
EndProject
Project("{8BC9CEB8-8B4A-11D0-8D11-00A0C91BC942}") = "005_Recursion", "005_Recursion\005_Recursion.vcxproj", "{45A92605-6DE1-4162-BF26-2CD2603CEC7C}"
EndProject
Project("{8BC9CEB8-8B4A-11D0-8D11-00A0C91BC942}") = "006_Recursion", "006_Recursion\006_Recursion.vcxproj", "{FACEEE5F-B7FB-424F-B0ED-55149A14F3F0}"
EndProject
Project("{8BC9CEB8-8B4A-11D0-8D11-00A0C91BC942}") = "007_Link", "007_Link\007_Link.vcxproj", "{7FECEF79-181F-4289-9406-6C0BFF2E1123}"
EndProject
Project("{8BC9CEB8-8B4A-11D0-8D11-00A0C91BC942}") = "008_Link", "008_Link\008_Link.vcxproj", "{07235681-597F-43A8-A0B8-13F2AAB8C52C}"
EndProject
Project("{8BC9CEB8-8B4A-11D0-8D11-00A0C91BC942}") = "009_Link", "009_Link\009_Link.vcxproj", "{7E2CF6BD-2960-4491-8EB7-B48F11BC47BA}"
EndProject
Project("{8BC9CEB8-8B4A-11D0-8D11-00A0C91BC942}") = "010_Link", "010_Link\010_Link.vcxproj", "{BA9A6751-AAC4-4E03-92D6-BB4889996365}"
EndProject
Project("{8BC9CEB8-8B4A-11D0-8D11-00A0C91BC942}") = "011_Link", "011_Link\011_Link.vcxproj", "{BE48A601-B8AF-45A5-B100-409D12DF03F9}"
EndProject
Global
	GlobalSection(SolutionConfigurationPlatforms) = preSolution
		Debug|x64 = Debug|x64
		Debug|x86 = Debug|x86
		Release|x64 = Release|x64
		Release|x86 = Release|x86
	EndGlobalSection
	GlobalSection(ProjectConfigurationPlatforms) = postSolution
		{1915C355-2FC5-4E65-897A-7AE471536A07}.Debug|x64.ActiveCfg = Debug|x64
		{1915C355-2FC5-4E65-897A-7AE471536A07}.Debug|x64.Build.0 = Debug|x64
		{1915C355-2FC5-4E65-897A-7AE471536A07}.Debug|x86.ActiveCfg = Debug|Win32
		{1915C355-2FC5-4E65-897A-7AE471536A07}.Debug|x86.Build.0 = Debug|Win32
		{1915C355-2FC5-4E65-897A-7AE471536A07}.Release|x64.ActiveCfg = Release|x64
		{1915C355-2FC5-4E65-897A-7AE471536A07}.Release|x64.Build.0 = Release|x64
		{1915C355-2FC5-4E65-897A-7AE471536A07}.Release|x86.ActiveCfg = Release|Win32
		{1915C355-2FC5-4E65-897A-7AE471536A07}.Release|x86.Build.0 = Release|Win32
		{37ECB2A2-8BAD-422B-83EC-DE7B6418E1E8}.Debug|x64.ActiveCfg = Debug|x64
		{37ECB2A2-8BAD-422B-83EC-DE7B6418E1E8}.Debug|x64.Build.0 = Debug|x64
		{37ECB2A2-8BAD-422B-83EC-DE7B6418E1E8}.Debug|x86.ActiveCfg = Debug|Win32
		{37ECB2A2-8BAD-422B-83EC-DE7B6418E1E8}.Debug|x86.Build.0 = Debug|Win32
		{37ECB2A2-8BAD-422B-83EC-DE7B6418E1E8}.Release|x64.ActiveCfg = Release|x64
		{37ECB2A2-8BAD-422B-83EC-DE7B6418E1E8}.Release|x64.Build.0 = Release|x64
		{37ECB2A2-8BAD-422B-83EC-DE7B6418E1E8}.Release|x86.ActiveCfg = Release|Win32
		{37ECB2A2-8BAD-422B-83EC-DE7B6418E1E8}.Release|x86.Build.0 = Release|Win32
		{B71DFD70-EBDD-4406-90C2-03E59D8EB75D}.Debug|x64.ActiveCfg = Debug|x64
		{B71DFD70-EBDD-4406-90C2-03E59D8EB75D}.Debug|x64.Build.0 = Debug|x64
		{B71DFD70-EBDD-4406-90C2-03E59D8EB75D}.Debug|x86.ActiveCfg = Debug|Win32
		{B71DFD70-EBDD-4406-90C2-03E59D8EB75D}.Debug|x86.Build.0 = Debug|Win32
		{B71DFD70-EBDD-4406-90C2-03E59D8EB75D}.Release|x64.ActiveCfg = Release|x64
		{B71DFD70-EBDD-4406-90C2-03E59D8EB75D}.Release|x64.Build.0 = Release|x64
		{B71DFD70-EBDD-4406-90C2-03E59D8EB75D}.Release|x86.ActiveCfg = Release|Win32
		{B71DFD70-EBDD-4406-90C2-03E59D8EB75D}.Release|x86.Build.0 = Release|Win32
		{41397DE9-F2F5-4E66-84D2-235CF171C2EE}.Debug|x64.ActiveCfg = Debug|x64
		{41397DE9-F2F5-4E66-84D2-235CF171C2EE}.Debug|x64.Build.0 = Debug|x64
		{41397DE9-F2F5-4E66-84D2-235CF171C2EE}.Debug|x86.ActiveCfg = Debug|Win32
		{41397DE9-F2F5-4E66-84D2-235CF171C2EE}.Debug|x86.Build.0 = Debug|Win32
		{41397DE9-F2F5-4E66-84D2-235CF171C2EE}.Release|x64.ActiveCfg = Release|x64
		{41397DE9-F2F5-4E66-84D2-235CF171C2EE}.Release|x64.Build.0 = Release|x64
		{41397DE9-F2F5-4E66-84D2-235CF171C2EE}.Release|x86.ActiveCfg = Release|Win32
		{41397DE9-F2F5-4E66-84D2-235CF171C2EE}.Release|x86.Build.0 = Release|Win32
		{45A92605-6DE1-4162-BF26-2CD2603CEC7C}.Debug|x64.ActiveCfg = Debug|x64
		{45A92605-6DE1-4162-BF26-2CD2603CEC7C}.Debug|x64.Build.0 = Debug|x64
		{45A92605-6DE1-4162-BF26-2CD2603CEC7C}.Debug|x86.ActiveCfg = Debug|Win32
		{45A92605-6DE1-4162-BF26-2CD2603CEC7C}.Debug|x86.Build.0 = Debug|Win32
		{45A92605-6DE1-4162-BF26-2CD2603CEC7C}.Release|x64.ActiveCfg = Release|x64
		{45A92605-6DE1-4162-BF26-2CD2603CEC7C}.Release|x64.Build.0 = Release|x64
		{45A92605-6DE1-4162-BF26-2CD2603CEC7C}.Release|x86.ActiveCfg = Release|Win32
		{45A92605-6DE1-4162-BF26-2CD2603CEC7C}.Release|x86.Build.0 = Release|Win32
		{FACEEE5F-B7FB-424F-B0ED-55149A14F3F0}.Debug|x64.ActiveCfg = Debug|x64
		{FACEEE5F-B7FB-424F-B0ED-55149A14F3F0}.Debug|x64.Build.0 = Debug|x64
		{FACEEE5F-B7FB-424F-B0ED-55149A14F3F0}.Debug|x86.ActiveCfg = Debug|Win32
		{FACEEE5F-B7FB-424F-B0ED-55149A14F3F0}.Debug|x86.Build.0 = Debug|Win32
		{FACEEE5F-B7FB-424F-B0ED-55149A14F3F0}.Release|x64.ActiveCfg = Release|x64
		{FACEEE5F-B7FB-424F-B0ED-55149A14F3F0}.Release|x64.Build.0 = Release|x64
		{FACEEE5F-B7FB-424F-B0ED-55149A14F3F0}.Release|x86.ActiveCfg = Release|Win32
		{FACEEE5F-B7FB-424F-B0ED-55149A14F3F0}.Release|x86.Build.0 = Release|Win32
		{7FECEF79-181F-4289-9406-6C0BFF2E1123}.Debug|x64.ActiveCfg = Debug|x64
		{7FECEF79-181F-4289-9406-6C0BFF2E1123}.Debug|x64.Build.0 = Debug|x64
		{7FECEF79-181F-4289-9406-6C0BFF2E1123}.Debug|x86.ActiveCfg = Debug|Win32
		{7FECEF79-181F-4289-9406-6C0BFF2E1123}.Debug|x86.Build.0 = Debug|Win32
		{7FECEF79-181F-4289-9406-6C0BFF2E1123}.Release|x64.ActiveCfg = Release|x64
		{7FECEF79-181F-4289-9406-6C0BFF2E1123}.Release|x64.Build.0 = Release|x64
		{7FECEF79-181F-4289-9406-6C0BFF2E1123}.Release|x86.ActiveCfg = Release|Win32
		{7FECEF79-181F-4289-9406-6C0BFF2E1123}.Release|x86.Build.0 = Release|Win32
		{07235681-597F-43A8-A0B8-13F2AAB8C52C}.Debug|x64.ActiveCfg = Debug|x64
		{07235681-597F-43A8-A0B8-13F2AAB8C52C}.Debug|x64.Build.0 = Debug|x64
		{07235681-597F-43A8-A0B8-13F2AAB8C52C}.Debug|x86.ActiveCfg = Debug|Win32
		{07235681-597F-43A8-A0B8-13F2AAB8C52C}.Debug|x86.Build.0 = Debug|Win32
		{07235681-597F-43A8-A0B8-13F2AAB8C52C}.Release|x64.ActiveCfg = Release|x64
		{07235681-597F-43A8-A0B8-13F2AAB8C52C}.Release|x64.Build.0 = Release|x64
		{07235681-597F-43A8-A0B8-13F2AAB8C52C}.Release|x86.ActiveCfg = Release|Win32
		{07235681-597F-43A8-A0B8-13F2AAB8C52C}.Release|x86.Build.0 = Release|Win32
		{7E2CF6BD-2960-4491-8EB7-B48F11BC47BA}.Debug|x64.ActiveCfg = Debug|x64
		{7E2CF6BD-2960-4491-8EB7-B48F11BC47BA}.Debug|x64.Build.0 = Debug|x64
		{7E2CF6BD-2960-4491-8EB7-B48F11BC47BA}.Debug|x86.ActiveCfg = Debug|Win32
		{7E2CF6BD-2960-4491-8EB7-B48F11BC47BA}.Debug|x86.Build.0 = Debug|Win32
		{7E2CF6BD-2960-4491-8EB7-B48F11BC47BA}.Release|x64.ActiveCfg = Release|x64
		{7E2CF6BD-2960-4491-8EB7-B48F11BC47BA}.Release|x64.Build.0 = Release|x64
		{7E2CF6BD-2960-4491-8EB7-B48F11BC47BA}.Release|x86.ActiveCfg = Release|Win32
		{7E2CF6BD-2960-4491-8EB7-B48F11BC47BA}.Release|x86.Build.0 = Release|Win32
		{BA9A6751-AAC4-4E03-92D6-BB4889996365}.Debug|x64.ActiveCfg = Debug|x64
		{BA9A6751-AAC4-4E03-92D6-BB4889996365}.Debug|x64.Build.0 = Debug|x64
		{BA9A6751-AAC4-4E03-92D6-BB4889996365}.Debug|x86.ActiveCfg = Debug|Win32
		{BA9A6751-AAC4-4E03-92D6-BB4889996365}.Debug|x86.Build.0 = Debug|Win32
		{BA9A6751-AAC4-4E03-92D6-BB4889996365}.Release|x64.ActiveCfg = Release|x64
		{BA9A6751-AAC4-4E03-92D6-BB4889996365}.Release|x64.Build.0 = Release|x64
		{BA9A6751-AAC4-4E03-92D6-BB4889996365}.Release|x86.ActiveCfg = Release|Win32
		{BA9A6751-AAC4-4E03-92D6-BB4889996365}.Release|x86.Build.0 = Release|Win32
		{BE48A601-B8AF-45A5-B100-409D12DF03F9}.Debug|x64.ActiveCfg = Debug|x64
		{BE48A601-B8AF-45A5-B100-409D12DF03F9}.Debug|x64.Build.0 = Debug|x64
		{BE48A601-B8AF-45A5-B100-409D12DF03F9}.Debug|x86.ActiveCfg = Debug|Win32
		{BE48A601-B8AF-45A5-B100-409D12DF03F9}.Debug|x86.Build.0 = Debug|Win32
		{BE48A601-B8AF-45A5-B100-409D12DF03F9}.Release|x64.ActiveCfg = Release|x64
		{BE48A601-B8AF-45A5-B100-409D12DF03F9}.Release|x64.Build.0 = Release|x64
		{BE48A601-B8AF-45A5-B100-409D12DF03F9}.Release|x86.ActiveCfg = Release|Win32
		{BE48A601-B8AF-45A5-B100-409D12DF03F9}.Release|x86.Build.0 = Release|Win32
	EndGlobalSection
	GlobalSection(SolutionProperties) = preSolution
		HideSolutionNode = FALSE
	EndGlobalSection
	GlobalSection(ExtensibilityGlobals) = postSolution
		SolutionGuid = {C9F07895-433B-47F4-B665-9BD802C84753}
	EndGlobalSection
EndGlobal
