
Microsoft Visual Studio Solution File, Format Version 12.00
# Visual Studio 15
VisualStudioVersion = 15.0.26730.10
MinimumVisualStudioVersion = 10.0.40219.1
Project("{8BC9CEB8-8B4A-11D0-8D11-00A0C91BC942}") = "001_Array", "001_Array\001_Array.vcxproj", "{3D40B7C7-E559-42CD-99AC-94B3238DF049}"
EndProject
Project("{8BC9CEB8-8B4A-11D0-8D11-00A0C91BC942}") = "002_Array", "002_Array\002_Array.vcxproj", "{80367217-440A-4E89-87C4-575CBDD6CE31}"
EndProject
Project("{8BC9CEB8-8B4A-11D0-8D11-00A0C91BC942}") = "003_Array", "003_Array\003_Array.vcxproj", "{E3D449B0-E65B-4231-8F2D-3B89DBADFAC3}"
EndProject
Project("{8BC9CEB8-8B4A-11D0-8D11-00A0C91BC942}") = "004_Array", "004_Array\004_Array.vcxproj", "{FACC496D-FFC4-4150-9935-C6DDC5A5014A}"
EndProject
Project("{8BC9CEB8-8B4A-11D0-8D11-00A0C91BC942}") = "005_Array", "005_Array\005_Array.vcxproj", "{20614F70-FB85-41FE-963D-3800399E98B5}"
EndProject
Project("{8BC9CEB8-8B4A-11D0-8D11-00A0C91BC942}") = "006_Array", "006_Array\006_Array.vcxproj", "{9E4C7392-FFA5-42C1-ADF6-AC47A361EFA9}"
EndProject
Project("{8BC9CEB8-8B4A-11D0-8D11-00A0C91BC942}") = "007_Array", "007_Array\007_Array.vcxproj", "{139F0DF8-0DA1-46D0-912F-EFE5679FCDE1}"
EndProject
Project("{8BC9CEB8-8B4A-11D0-8D11-00A0C91BC942}") = "008_Array", "008\008.vcxproj", "{82B6D31B-B45E-4472-9DC9-1CDA4535EC12}"
EndProject
Project("{8BC9CEB8-8B4A-11D0-8D11-00A0C91BC942}") = "009_Array", "009_Array\009_Array.vcxproj", "{E1A8A720-CC24-4DE3-8AA1-751E0446A74E}"
EndProject
Project("{8BC9CEB8-8B4A-11D0-8D11-00A0C91BC942}") = "010_Array", "010_Array\010_Array.vcxproj", "{0A9B193C-555C-48F9-B745-93CC2DAE97F8}"
EndProject
Project("{8BC9CEB8-8B4A-11D0-8D11-00A0C91BC942}") = "011_Array", "011_Array\011_Array.vcxproj", "{E7C7B717-597B-42F6-85D5-95FEF8AFA122}"
EndProject
Project("{8BC9CEB8-8B4A-11D0-8D11-00A0C91BC942}") = "012_Array", "012_Array\012_Array.vcxproj", "{804F3670-C6E8-4CDE-8FD4-75506C96A419}"
EndProject
Project("{8BC9CEB8-8B4A-11D0-8D11-00A0C91BC942}") = "013_Array", "013_Array\013_Array.vcxproj", "{CD67A061-1733-467B-9EAC-9F0AA02EA8BF}"
EndProject
Project("{8BC9CEB8-8B4A-11D0-8D11-00A0C91BC942}") = "014_Array", "014_Array\014_Array.vcxproj", "{0584CEB4-301E-47A7-9116-DE7C4DDEBFB9}"
EndProject
Project("{8BC9CEB8-8B4A-11D0-8D11-00A0C91BC942}") = "015_Array", "015_Array\015_Array.vcxproj", "{CF92278E-ED9A-41B4-8698-5CBD59A42B51}"
EndProject
Project("{8BC9CEB8-8B4A-11D0-8D11-00A0C91BC942}") = "016_Array", "016_Array\016_Array.vcxproj", "{F6911797-6963-42D0-8AAD-B45E59413752}"
EndProject
Project("{8BC9CEB8-8B4A-11D0-8D11-00A0C91BC942}") = "017_Array", "017_Array\017_Array.vcxproj", "{69EFC749-D62B-4E46-990B-98D41401C985}"
EndProject
Project("{8BC9CEB8-8B4A-11D0-8D11-00A0C91BC942}") = "018_Array", "018_Array\018_Array.vcxproj", "{B8EBE023-7720-4355-94BE-92623C8E2D31}"
EndProject
Project("{8BC9CEB8-8B4A-11D0-8D11-00A0C91BC942}") = "019_Array", "019_Array\019_Array.vcxproj", "{916BDAB9-E162-410B-9500-EB5C699DBBBD}"
EndProject
Project("{8BC9CEB8-8B4A-11D0-8D11-00A0C91BC942}") = "020_Array", "020_Array\020_Array.vcxproj", "{C6904A3F-DAD0-414F-858D-99BC05AD6220}"
EndProject
Project("{8BC9CEB8-8B4A-11D0-8D11-00A0C91BC942}") = "021_Array", "021_Array\021_Array.vcxproj", "{8B5EB609-C903-4A52-85A3-6EA6B323D3C4}"
EndProject
Project("{8BC9CEB8-8B4A-11D0-8D11-00A0C91BC942}") = "022_Array", "022_Array\022_Array.vcxproj", "{6E5BE3F9-9398-4091-AB99-729FB339C453}"
EndProject
Global
	GlobalSection(SolutionConfigurationPlatforms) = preSolution
		Debug|x64 = Debug|x64
		Debug|x86 = Debug|x86
		Release|x64 = Release|x64
		Release|x86 = Release|x86
	EndGlobalSection
	GlobalSection(ProjectConfigurationPlatforms) = postSolution
		{3D40B7C7-E559-42CD-99AC-94B3238DF049}.Debug|x64.ActiveCfg = Debug|x64
		{3D40B7C7-E559-42CD-99AC-94B3238DF049}.Debug|x64.Build.0 = Debug|x64
		{3D40B7C7-E559-42CD-99AC-94B3238DF049}.Debug|x86.ActiveCfg = Debug|Win32
		{3D40B7C7-E559-42CD-99AC-94B3238DF049}.Debug|x86.Build.0 = Debug|Win32
		{3D40B7C7-E559-42CD-99AC-94B3238DF049}.Release|x64.ActiveCfg = Release|x64
		{3D40B7C7-E559-42CD-99AC-94B3238DF049}.Release|x64.Build.0 = Release|x64
		{3D40B7C7-E559-42CD-99AC-94B3238DF049}.Release|x86.ActiveCfg = Release|Win32
		{3D40B7C7-E559-42CD-99AC-94B3238DF049}.Release|x86.Build.0 = Release|Win32
		{80367217-440A-4E89-87C4-575CBDD6CE31}.Debug|x64.ActiveCfg = Debug|x64
		{80367217-440A-4E89-87C4-575CBDD6CE31}.Debug|x64.Build.0 = Debug|x64
		{80367217-440A-4E89-87C4-575CBDD6CE31}.Debug|x86.ActiveCfg = Debug|Win32
		{80367217-440A-4E89-87C4-575CBDD6CE31}.Debug|x86.Build.0 = Debug|Win32
		{80367217-440A-4E89-87C4-575CBDD6CE31}.Release|x64.ActiveCfg = Release|x64
		{80367217-440A-4E89-87C4-575CBDD6CE31}.Release|x64.Build.0 = Release|x64
		{80367217-440A-4E89-87C4-575CBDD6CE31}.Release|x86.ActiveCfg = Release|Win32
		{80367217-440A-4E89-87C4-575CBDD6CE31}.Release|x86.Build.0 = Release|Win32
		{E3D449B0-E65B-4231-8F2D-3B89DBADFAC3}.Debug|x64.ActiveCfg = Debug|x64
		{E3D449B0-E65B-4231-8F2D-3B89DBADFAC3}.Debug|x64.Build.0 = Debug|x64
		{E3D449B0-E65B-4231-8F2D-3B89DBADFAC3}.Debug|x86.ActiveCfg = Debug|Win32
		{E3D449B0-E65B-4231-8F2D-3B89DBADFAC3}.Debug|x86.Build.0 = Debug|Win32
		{E3D449B0-E65B-4231-8F2D-3B89DBADFAC3}.Release|x64.ActiveCfg = Release|x64
		{E3D449B0-E65B-4231-8F2D-3B89DBADFAC3}.Release|x64.Build.0 = Release|x64
		{E3D449B0-E65B-4231-8F2D-3B89DBADFAC3}.Release|x86.ActiveCfg = Release|Win32
		{E3D449B0-E65B-4231-8F2D-3B89DBADFAC3}.Release|x86.Build.0 = Release|Win32
		{FACC496D-FFC4-4150-9935-C6DDC5A5014A}.Debug|x64.ActiveCfg = Debug|x64
		{FACC496D-FFC4-4150-9935-C6DDC5A5014A}.Debug|x64.Build.0 = Debug|x64
		{FACC496D-FFC4-4150-9935-C6DDC5A5014A}.Debug|x86.ActiveCfg = Debug|Win32
		{FACC496D-FFC4-4150-9935-C6DDC5A5014A}.Debug|x86.Build.0 = Debug|Win32
		{FACC496D-FFC4-4150-9935-C6DDC5A5014A}.Release|x64.ActiveCfg = Release|x64
		{FACC496D-FFC4-4150-9935-C6DDC5A5014A}.Release|x64.Build.0 = Release|x64
		{FACC496D-FFC4-4150-9935-C6DDC5A5014A}.Release|x86.ActiveCfg = Release|Win32
		{FACC496D-FFC4-4150-9935-C6DDC5A5014A}.Release|x86.Build.0 = Release|Win32
		{20614F70-FB85-41FE-963D-3800399E98B5}.Debug|x64.ActiveCfg = Debug|x64
		{20614F70-FB85-41FE-963D-3800399E98B5}.Debug|x64.Build.0 = Debug|x64
		{20614F70-FB85-41FE-963D-3800399E98B5}.Debug|x86.ActiveCfg = Debug|Win32
		{20614F70-FB85-41FE-963D-3800399E98B5}.Debug|x86.Build.0 = Debug|Win32
		{20614F70-FB85-41FE-963D-3800399E98B5}.Release|x64.ActiveCfg = Release|x64
		{20614F70-FB85-41FE-963D-3800399E98B5}.Release|x64.Build.0 = Release|x64
		{20614F70-FB85-41FE-963D-3800399E98B5}.Release|x86.ActiveCfg = Release|Win32
		{20614F70-FB85-41FE-963D-3800399E98B5}.Release|x86.Build.0 = Release|Win32
		{9E4C7392-FFA5-42C1-ADF6-AC47A361EFA9}.Debug|x64.ActiveCfg = Debug|x64
		{9E4C7392-FFA5-42C1-ADF6-AC47A361EFA9}.Debug|x64.Build.0 = Debug|x64
		{9E4C7392-FFA5-42C1-ADF6-AC47A361EFA9}.Debug|x86.ActiveCfg = Debug|Win32
		{9E4C7392-FFA5-42C1-ADF6-AC47A361EFA9}.Debug|x86.Build.0 = Debug|Win32
		{9E4C7392-FFA5-42C1-ADF6-AC47A361EFA9}.Release|x64.ActiveCfg = Release|x64
		{9E4C7392-FFA5-42C1-ADF6-AC47A361EFA9}.Release|x64.Build.0 = Release|x64
		{9E4C7392-FFA5-42C1-ADF6-AC47A361EFA9}.Release|x86.ActiveCfg = Release|Win32
		{9E4C7392-FFA5-42C1-ADF6-AC47A361EFA9}.Release|x86.Build.0 = Release|Win32
		{139F0DF8-0DA1-46D0-912F-EFE5679FCDE1}.Debug|x64.ActiveCfg = Debug|x64
		{139F0DF8-0DA1-46D0-912F-EFE5679FCDE1}.Debug|x64.Build.0 = Debug|x64
		{139F0DF8-0DA1-46D0-912F-EFE5679FCDE1}.Debug|x86.ActiveCfg = Debug|Win32
		{139F0DF8-0DA1-46D0-912F-EFE5679FCDE1}.Debug|x86.Build.0 = Debug|Win32
		{139F0DF8-0DA1-46D0-912F-EFE5679FCDE1}.Release|x64.ActiveCfg = Release|x64
		{139F0DF8-0DA1-46D0-912F-EFE5679FCDE1}.Release|x64.Build.0 = Release|x64
		{139F0DF8-0DA1-46D0-912F-EFE5679FCDE1}.Release|x86.ActiveCfg = Release|Win32
		{139F0DF8-0DA1-46D0-912F-EFE5679FCDE1}.Release|x86.Build.0 = Release|Win32
		{82B6D31B-B45E-4472-9DC9-1CDA4535EC12}.Debug|x64.ActiveCfg = Debug|x64
		{82B6D31B-B45E-4472-9DC9-1CDA4535EC12}.Debug|x64.Build.0 = Debug|x64
		{82B6D31B-B45E-4472-9DC9-1CDA4535EC12}.Debug|x86.ActiveCfg = Debug|Win32
		{82B6D31B-B45E-4472-9DC9-1CDA4535EC12}.Debug|x86.Build.0 = Debug|Win32
		{82B6D31B-B45E-4472-9DC9-1CDA4535EC12}.Release|x64.ActiveCfg = Release|x64
		{82B6D31B-B45E-4472-9DC9-1CDA4535EC12}.Release|x64.Build.0 = Release|x64
		{82B6D31B-B45E-4472-9DC9-1CDA4535EC12}.Release|x86.ActiveCfg = Release|Win32
		{82B6D31B-B45E-4472-9DC9-1CDA4535EC12}.Release|x86.Build.0 = Release|Win32
		{E1A8A720-CC24-4DE3-8AA1-751E0446A74E}.Debug|x64.ActiveCfg = Debug|x64
		{E1A8A720-CC24-4DE3-8AA1-751E0446A74E}.Debug|x64.Build.0 = Debug|x64
		{E1A8A720-CC24-4DE3-8AA1-751E0446A74E}.Debug|x86.ActiveCfg = Debug|Win32
		{E1A8A720-CC24-4DE3-8AA1-751E0446A74E}.Debug|x86.Build.0 = Debug|Win32
		{E1A8A720-CC24-4DE3-8AA1-751E0446A74E}.Release|x64.ActiveCfg = Release|x64
		{E1A8A720-CC24-4DE3-8AA1-751E0446A74E}.Release|x64.Build.0 = Release|x64
		{E1A8A720-CC24-4DE3-8AA1-751E0446A74E}.Release|x86.ActiveCfg = Release|Win32
		{E1A8A720-CC24-4DE3-8AA1-751E0446A74E}.Release|x86.Build.0 = Release|Win32
		{0A9B193C-555C-48F9-B745-93CC2DAE97F8}.Debug|x64.ActiveCfg = Debug|x64
		{0A9B193C-555C-48F9-B745-93CC2DAE97F8}.Debug|x64.Build.0 = Debug|x64
		{0A9B193C-555C-48F9-B745-93CC2DAE97F8}.Debug|x86.ActiveCfg = Debug|Win32
		{0A9B193C-555C-48F9-B745-93CC2DAE97F8}.Debug|x86.Build.0 = Debug|Win32
		{0A9B193C-555C-48F9-B745-93CC2DAE97F8}.Release|x64.ActiveCfg = Release|x64
		{0A9B193C-555C-48F9-B745-93CC2DAE97F8}.Release|x64.Build.0 = Release|x64
		{0A9B193C-555C-48F9-B745-93CC2DAE97F8}.Release|x86.ActiveCfg = Release|Win32
		{0A9B193C-555C-48F9-B745-93CC2DAE97F8}.Release|x86.Build.0 = Release|Win32
		{E7C7B717-597B-42F6-85D5-95FEF8AFA122}.Debug|x64.ActiveCfg = Debug|x64
		{E7C7B717-597B-42F6-85D5-95FEF8AFA122}.Debug|x64.Build.0 = Debug|x64
		{E7C7B717-597B-42F6-85D5-95FEF8AFA122}.Debug|x86.ActiveCfg = Debug|Win32
		{E7C7B717-597B-42F6-85D5-95FEF8AFA122}.Debug|x86.Build.0 = Debug|Win32
		{E7C7B717-597B-42F6-85D5-95FEF8AFA122}.Release|x64.ActiveCfg = Release|x64
		{E7C7B717-597B-42F6-85D5-95FEF8AFA122}.Release|x64.Build.0 = Release|x64
		{E7C7B717-597B-42F6-85D5-95FEF8AFA122}.Release|x86.ActiveCfg = Release|Win32
		{E7C7B717-597B-42F6-85D5-95FEF8AFA122}.Release|x86.Build.0 = Release|Win32
		{804F3670-C6E8-4CDE-8FD4-75506C96A419}.Debug|x64.ActiveCfg = Debug|x64
		{804F3670-C6E8-4CDE-8FD4-75506C96A419}.Debug|x64.Build.0 = Debug|x64
		{804F3670-C6E8-4CDE-8FD4-75506C96A419}.Debug|x86.ActiveCfg = Debug|Win32
		{804F3670-C6E8-4CDE-8FD4-75506C96A419}.Debug|x86.Build.0 = Debug|Win32
		{804F3670-C6E8-4CDE-8FD4-75506C96A419}.Release|x64.ActiveCfg = Release|x64
		{804F3670-C6E8-4CDE-8FD4-75506C96A419}.Release|x64.Build.0 = Release|x64
		{804F3670-C6E8-4CDE-8FD4-75506C96A419}.Release|x86.ActiveCfg = Release|Win32
		{804F3670-C6E8-4CDE-8FD4-75506C96A419}.Release|x86.Build.0 = Release|Win32
		{CD67A061-1733-467B-9EAC-9F0AA02EA8BF}.Debug|x64.ActiveCfg = Debug|x64
		{CD67A061-1733-467B-9EAC-9F0AA02EA8BF}.Debug|x64.Build.0 = Debug|x64
		{CD67A061-1733-467B-9EAC-9F0AA02EA8BF}.Debug|x86.ActiveCfg = Debug|Win32
		{CD67A061-1733-467B-9EAC-9F0AA02EA8BF}.Debug|x86.Build.0 = Debug|Win32
		{CD67A061-1733-467B-9EAC-9F0AA02EA8BF}.Release|x64.ActiveCfg = Release|x64
		{CD67A061-1733-467B-9EAC-9F0AA02EA8BF}.Release|x64.Build.0 = Release|x64
		{CD67A061-1733-467B-9EAC-9F0AA02EA8BF}.Release|x86.ActiveCfg = Release|Win32
		{CD67A061-1733-467B-9EAC-9F0AA02EA8BF}.Release|x86.Build.0 = Release|Win32
		{0584CEB4-301E-47A7-9116-DE7C4DDEBFB9}.Debug|x64.ActiveCfg = Debug|x64
		{0584CEB4-301E-47A7-9116-DE7C4DDEBFB9}.Debug|x64.Build.0 = Debug|x64
		{0584CEB4-301E-47A7-9116-DE7C4DDEBFB9}.Debug|x86.ActiveCfg = Debug|Win32
		{0584CEB4-301E-47A7-9116-DE7C4DDEBFB9}.Debug|x86.Build.0 = Debug|Win32
		{0584CEB4-301E-47A7-9116-DE7C4DDEBFB9}.Release|x64.ActiveCfg = Release|x64
		{0584CEB4-301E-47A7-9116-DE7C4DDEBFB9}.Release|x64.Build.0 = Release|x64
		{0584CEB4-301E-47A7-9116-DE7C4DDEBFB9}.Release|x86.ActiveCfg = Release|Win32
		{0584CEB4-301E-47A7-9116-DE7C4DDEBFB9}.Release|x86.Build.0 = Release|Win32
		{CF92278E-ED9A-41B4-8698-5CBD59A42B51}.Debug|x64.ActiveCfg = Debug|x64
		{CF92278E-ED9A-41B4-8698-5CBD59A42B51}.Debug|x64.Build.0 = Debug|x64
		{CF92278E-ED9A-41B4-8698-5CBD59A42B51}.Debug|x86.ActiveCfg = Debug|Win32
		{CF92278E-ED9A-41B4-8698-5CBD59A42B51}.Debug|x86.Build.0 = Debug|Win32
		{CF92278E-ED9A-41B4-8698-5CBD59A42B51}.Release|x64.ActiveCfg = Release|x64
		{CF92278E-ED9A-41B4-8698-5CBD59A42B51}.Release|x64.Build.0 = Release|x64
		{CF92278E-ED9A-41B4-8698-5CBD59A42B51}.Release|x86.ActiveCfg = Release|Win32
		{CF92278E-ED9A-41B4-8698-5CBD59A42B51}.Release|x86.Build.0 = Release|Win32
		{F6911797-6963-42D0-8AAD-B45E59413752}.Debug|x64.ActiveCfg = Debug|x64
		{F6911797-6963-42D0-8AAD-B45E59413752}.Debug|x64.Build.0 = Debug|x64
		{F6911797-6963-42D0-8AAD-B45E59413752}.Debug|x86.ActiveCfg = Debug|Win32
		{F6911797-6963-42D0-8AAD-B45E59413752}.Debug|x86.Build.0 = Debug|Win32
		{F6911797-6963-42D0-8AAD-B45E59413752}.Release|x64.ActiveCfg = Release|x64
		{F6911797-6963-42D0-8AAD-B45E59413752}.Release|x64.Build.0 = Release|x64
		{F6911797-6963-42D0-8AAD-B45E59413752}.Release|x86.ActiveCfg = Release|Win32
		{F6911797-6963-42D0-8AAD-B45E59413752}.Release|x86.Build.0 = Release|Win32
		{69EFC749-D62B-4E46-990B-98D41401C985}.Debug|x64.ActiveCfg = Debug|x64
		{69EFC749-D62B-4E46-990B-98D41401C985}.Debug|x64.Build.0 = Debug|x64
		{69EFC749-D62B-4E46-990B-98D41401C985}.Debug|x86.ActiveCfg = Debug|Win32
		{69EFC749-D62B-4E46-990B-98D41401C985}.Debug|x86.Build.0 = Debug|Win32
		{69EFC749-D62B-4E46-990B-98D41401C985}.Release|x64.ActiveCfg = Release|x64
		{69EFC749-D62B-4E46-990B-98D41401C985}.Release|x64.Build.0 = Release|x64
		{69EFC749-D62B-4E46-990B-98D41401C985}.Release|x86.ActiveCfg = Release|Win32
		{69EFC749-D62B-4E46-990B-98D41401C985}.Release|x86.Build.0 = Release|Win32
		{B8EBE023-7720-4355-94BE-92623C8E2D31}.Debug|x64.ActiveCfg = Debug|x64
		{B8EBE023-7720-4355-94BE-92623C8E2D31}.Debug|x64.Build.0 = Debug|x64
		{B8EBE023-7720-4355-94BE-92623C8E2D31}.Debug|x86.ActiveCfg = Debug|Win32
		{B8EBE023-7720-4355-94BE-92623C8E2D31}.Debug|x86.Build.0 = Debug|Win32
		{B8EBE023-7720-4355-94BE-92623C8E2D31}.Release|x64.ActiveCfg = Release|x64
		{B8EBE023-7720-4355-94BE-92623C8E2D31}.Release|x64.Build.0 = Release|x64
		{B8EBE023-7720-4355-94BE-92623C8E2D31}.Release|x86.ActiveCfg = Release|Win32
		{B8EBE023-7720-4355-94BE-92623C8E2D31}.Release|x86.Build.0 = Release|Win32
		{916BDAB9-E162-410B-9500-EB5C699DBBBD}.Debug|x64.ActiveCfg = Debug|x64
		{916BDAB9-E162-410B-9500-EB5C699DBBBD}.Debug|x64.Build.0 = Debug|x64
		{916BDAB9-E162-410B-9500-EB5C699DBBBD}.Debug|x86.ActiveCfg = Debug|Win32
		{916BDAB9-E162-410B-9500-EB5C699DBBBD}.Debug|x86.Build.0 = Debug|Win32
		{916BDAB9-E162-410B-9500-EB5C699DBBBD}.Release|x64.ActiveCfg = Release|x64
		{916BDAB9-E162-410B-9500-EB5C699DBBBD}.Release|x64.Build.0 = Release|x64
		{916BDAB9-E162-410B-9500-EB5C699DBBBD}.Release|x86.ActiveCfg = Release|Win32
		{916BDAB9-E162-410B-9500-EB5C699DBBBD}.Release|x86.Build.0 = Release|Win32
		{C6904A3F-DAD0-414F-858D-99BC05AD6220}.Debug|x64.ActiveCfg = Debug|x64
		{C6904A3F-DAD0-414F-858D-99BC05AD6220}.Debug|x64.Build.0 = Debug|x64
		{C6904A3F-DAD0-414F-858D-99BC05AD6220}.Debug|x86.ActiveCfg = Debug|Win32
		{C6904A3F-DAD0-414F-858D-99BC05AD6220}.Debug|x86.Build.0 = Debug|Win32
		{C6904A3F-DAD0-414F-858D-99BC05AD6220}.Release|x64.ActiveCfg = Release|x64
		{C6904A3F-DAD0-414F-858D-99BC05AD6220}.Release|x64.Build.0 = Release|x64
		{C6904A3F-DAD0-414F-858D-99BC05AD6220}.Release|x86.ActiveCfg = Release|Win32
		{C6904A3F-DAD0-414F-858D-99BC05AD6220}.Release|x86.Build.0 = Release|Win32
		{8B5EB609-C903-4A52-85A3-6EA6B323D3C4}.Debug|x64.ActiveCfg = Debug|x64
		{8B5EB609-C903-4A52-85A3-6EA6B323D3C4}.Debug|x64.Build.0 = Debug|x64
		{8B5EB609-C903-4A52-85A3-6EA6B323D3C4}.Debug|x86.ActiveCfg = Debug|Win32
		{8B5EB609-C903-4A52-85A3-6EA6B323D3C4}.Debug|x86.Build.0 = Debug|Win32
		{8B5EB609-C903-4A52-85A3-6EA6B323D3C4}.Release|x64.ActiveCfg = Release|x64
		{8B5EB609-C903-4A52-85A3-6EA6B323D3C4}.Release|x64.Build.0 = Release|x64
		{8B5EB609-C903-4A52-85A3-6EA6B323D3C4}.Release|x86.ActiveCfg = Release|Win32
		{8B5EB609-C903-4A52-85A3-6EA6B323D3C4}.Release|x86.Build.0 = Release|Win32
		{6E5BE3F9-9398-4091-AB99-729FB339C453}.Debug|x64.ActiveCfg = Debug|x64
		{6E5BE3F9-9398-4091-AB99-729FB339C453}.Debug|x64.Build.0 = Debug|x64
		{6E5BE3F9-9398-4091-AB99-729FB339C453}.Debug|x86.ActiveCfg = Debug|Win32
		{6E5BE3F9-9398-4091-AB99-729FB339C453}.Debug|x86.Build.0 = Debug|Win32
		{6E5BE3F9-9398-4091-AB99-729FB339C453}.Release|x64.ActiveCfg = Release|x64
		{6E5BE3F9-9398-4091-AB99-729FB339C453}.Release|x64.Build.0 = Release|x64
		{6E5BE3F9-9398-4091-AB99-729FB339C453}.Release|x86.ActiveCfg = Release|Win32
		{6E5BE3F9-9398-4091-AB99-729FB339C453}.Release|x86.Build.0 = Release|Win32
	EndGlobalSection
	GlobalSection(SolutionProperties) = preSolution
		HideSolutionNode = FALSE
	EndGlobalSection
	GlobalSection(ExtensibilityGlobals) = postSolution
		SolutionGuid = {EDE99BA1-8576-4254-AA28-4BE4047B0DE8}
	EndGlobalSection
EndGlobal
